// !$*UTF8*$!
{
	archiveVersion = 1;
	classes = {
	};
	objectVersion = 46;
	objects = {

/* Begin PBXBuildFile section */
		F931D6841F46F4FA009F2148 /* main.cpp in Sources */ = {isa = PBXBuildFile; fileRef = F931D6831F46F4FA009F2148 /* main.cpp */; };
		F931D68E1F47043B009F2148 /* Bitmap.cpp in Sources */ = {isa = PBXBuildFile; fileRef = F931D68C1F47043B009F2148 /* Bitmap.cpp */; };
		F93988401F62B74200639435 /* FractalCreator.cpp in Sources */ = {isa = PBXBuildFile; fileRef = F939883E1F62B74200639435 /* FractalCreator.cpp */; };
		F93E2D8F1F4D8E8500C7C24C /* Mandlebrot.cpp in Sources */ = {isa = PBXBuildFile; fileRef = F93E2D8D1F4D8E8500C7C24C /* Mandlebrot.cpp */; };
		F9B125571F6A99C700B0F997 /* RGB.cpp in Sources */ = {isa = PBXBuildFile; fileRef = F9B125551F6A99C700B0F997 /* RGB.cpp */; };
/* End PBXBuildFile section */

/* Begin PBXCopyFilesBuildPhase section */
		F931D67E1F46F4FA009F2148 /* CopyFiles */ = {
			isa = PBXCopyFilesBuildPhase;
			buildActionMask = 2147483647;
			dstPath = /usr/share/man/man1/;
			dstSubfolderSpec = 0;
			files = (
			);
			runOnlyForDeploymentPostprocessing = 1;
		};
/* End PBXCopyFilesBuildPhase section */

/* Begin PBXFileReference section */
		F931D6801F46F4FA009F2148 /* FractalCreator */ = {isa = PBXFileReference; explicitFileType = "compiled.mach-o.executable"; includeInIndex = 0; path = FractalCreator; sourceTree = BUILT_PRODUCTS_DIR; };
		F931D6831F46F4FA009F2148 /* main.cpp */ = {isa = PBXFileReference; lastKnownFileType = sourcecode.cpp.cpp; path = main.cpp; sourceTree = "<group>"; };
		F931D68A1F46F74B009F2148 /* BitmapFileHeader.h */ = {isa = PBXFileReference; lastKnownFileType = sourcecode.c.h; path = BitmapFileHeader.h; sourceTree = "<group>"; };
		F931D68B1F46FDB7009F2148 /* BitmapInfoHeader.h */ = {isa = PBXFileReference; lastKnownFileType = sourcecode.c.h; path = BitmapInfoHeader.h; sourceTree = "<group>"; };
		F931D68C1F47043B009F2148 /* Bitmap.cpp */ = {isa = PBXFileReference; fileEncoding = 4; lastKnownFileType = sourcecode.cpp.cpp; path = Bitmap.cpp; sourceTree = "<group>"; };
		F931D68D1F47043B009F2148 /* Bitmap.hpp */ = {isa = PBXFileReference; fileEncoding = 4; lastKnownFileType = sourcecode.cpp.h; path = Bitmap.hpp; sourceTree = "<group>"; };
		F939883E1F62B74200639435 /* FractalCreator.cpp */ = {isa = PBXFileReference; fileEncoding = 4; lastKnownFileType = sourcecode.cpp.cpp; path = FractalCreator.cpp; sourceTree = "<group>"; };
		F939883F1F62B74200639435 /* FractalCreator.hpp */ = {isa = PBXFileReference; fileEncoding = 4; lastKnownFileType = sourcecode.cpp.h; path = FractalCreator.hpp; sourceTree = "<group>"; };
		F93E2D8D1F4D8E8500C7C24C /* Mandlebrot.cpp */ = {isa = PBXFileReference; fileEncoding = 4; lastKnownFileType = sourcecode.cpp.cpp; path = Mandlebrot.cpp; sourceTree = "<group>"; };
		F93E2D8E1F4D8E8500C7C24C /* Mandlebrot.hpp */ = {isa = PBXFileReference; fileEncoding = 4; lastKnownFileType = sourcecode.cpp.h; path = Mandlebrot.hpp; sourceTree = "<group>"; };
		F9B125551F6A99C700B0F997 /* RGB.cpp */ = {isa = PBXFileReference; fileEncoding = 4; lastKnownFileType = sourcecode.cpp.cpp; path = RGB.cpp; sourceTree = "<group>"; };
		F9B125561F6A99C700B0F997 /* RGB.hpp */ = {isa = PBXFileReference; fileEncoding = 4; lastKnownFileType = sourcecode.cpp.h; path = RGB.hpp; sourceTree = "<group>"; };
		F9CFB3481F5EC23800FA2935 /* Zoom.h */ = {isa = PBXFileReference; lastKnownFileType = sourcecode.c.h; path = Zoom.h; sourceTree = "<group>"; };
		F9CFB3491F5EC44300FA2935 /* ZoomList.h */ = {isa = PBXFileReference; lastKnownFileType = sourcecode.c.h; path = ZoomList.h; sourceTree = "<group>"; };
/* End PBXFileReference section */

/* Begin PBXFrameworksBuildPhase section */
		F931D67D1F46F4FA009F2148 /* Frameworks */ = {
			isa = PBXFrameworksBuildPhase;
			buildActionMask = 2147483647;
			files = (
			);
			runOnlyForDeploymentPostprocessing = 0;
		};
/* End PBXFrameworksBuildPhase section */

/* Begin PBXGroup section */
		F931D6771F46F4FA009F2148 = {
			isa = PBXGroup;
			children = (
				F931D6821F46F4FA009F2148 /* FractalCreator */,
				F931D6811F46F4FA009F2148 /* Products */,
			);
			sourceTree = "<group>";
		};
		F931D6811F46F4FA009F2148 /* Products */ = {
			isa = PBXGroup;
			children = (
				F931D6801F46F4FA009F2148 /* FractalCreator */,
			);
			name = Products;
			sourceTree = "<group>";
		};
		F931D6821F46F4FA009F2148 /* FractalCreator */ = {
			isa = PBXGroup;
			children = (
				F931D6831F46F4FA009F2148 /* main.cpp */,
				F93E2D8D1F4D8E8500C7C24C /* Mandlebrot.cpp */,
				F9CFB3481F5EC23800FA2935 /* Zoom.h */,
				F9CFB3491F5EC44300FA2935 /* ZoomList.h */,
				F93E2D8E1F4D8E8500C7C24C /* Mandlebrot.hpp */,
				F931D68C1F47043B009F2148 /* Bitmap.cpp */,
				F931D68D1F47043B009F2148 /* Bitmap.hpp */,
				F931D68A1F46F74B009F2148 /* BitmapFileHeader.h */,
				F931D68B1F46FDB7009F2148 /* BitmapInfoHeader.h */,
				F939883E1F62B74200639435 /* FractalCreator.cpp */,
				F939883F1F62B74200639435 /* FractalCreator.hpp */,
				F9B125551F6A99C700B0F997 /* RGB.cpp */,
				F9B125561F6A99C700B0F997 /* RGB.hpp */,
			);
			path = FractalCreator;
			sourceTree = "<group>";
		};
/* End PBXGroup section */

/* Begin PBXNativeTarget section */
		F931D67F1F46F4FA009F2148 /* FractalCreator */ = {
			isa = PBXNativeTarget;
			buildConfigurationList = F931D6871F46F4FA009F2148 /* Build configuration list for PBXNativeTarget "FractalCreator" */;
			buildPhases = (
				F931D67C1F46F4FA009F2148 /* Sources */,
				F931D67D1F46F4FA009F2148 /* Frameworks */,
				F931D67E1F46F4FA009F2148 /* CopyFiles */,
			);
			buildRules = (
			);
			dependencies = (
			);
			name = FractalCreator;
			productName = FractalCreator;
			productReference = F931D6801F46F4FA009F2148 /* FractalCreator */;
			productType = "com.apple.product-type.tool";
		};
/* End PBXNativeTarget section */

/* Begin PBXProject section */
		F931D6781F46F4FA009F2148 /* Project object */ = {
			isa = PBXProject;
			attributes = {
				LastUpgradeCheck = 0830;
				ORGANIZATIONNAME = "Rich Beans";
				TargetAttributes = {
					F931D67F1F46F4FA009F2148 = {
						CreatedOnToolsVersion = 8.3.3;
						ProvisioningStyle = Automatic;
					};
				};
			};
			buildConfigurationList = F931D67B1F46F4FA009F2148 /* Build configuration list for PBXProject "FractalCreator" */;
			compatibilityVersion = "Xcode 3.2";
			developmentRegion = English;
			hasScannedForEncodings = 0;
			knownRegions = (
				en,
			);
			mainGroup = F931D6771F46F4FA009F2148;
			productRefGroup = F931D6811F46F4FA009F2148 /* Products */;
			projectDirPath = "";
			projectRoot = "";
			targets = (
				F931D67F1F46F4FA009F2148 /* FractalCreator */,
			);
		};
/* End PBXProject section */

/* Begin PBXSourcesBuildPhase section */
		F931D67C1F46F4FA009F2148 /* Sources */ = {
			isa = PBXSourcesBuildPhase;
			buildActionMask = 2147483647;
			files = (
				F93988401F62B74200639435 /* FractalCreator.cpp in Sources */,
				F931D68E1F47043B009F2148 /* Bitmap.cpp in Sources */,
				F93E2D8F1F4D8E8500C7C24C /* Mandlebrot.cpp in Sources */,
				F931D6841F46F4FA009F2148 /* main.cpp in Sources */,
				F9B125571F6A99C700B0F997 /* RGB.cpp in Sources */,
			);
			runOnlyForDeploymentPostprocessing = 0;
		};
/* End PBXSourcesBuildPhase section */

/* Begin XCBuildConfiguration section */
		F931D6851F46F4FA009F2148 /* Debug */ = {
			isa = XCBuildConfiguration;
			buildSettings = {
				ALWAYS_SEARCH_USER_PATHS = NO;
				CLANG_ANALYZER_NONNULL = YES;
				CLANG_ANALYZER_NUMBER_OBJECT_CONVERSION = YES_AGGRESSIVE;
				CLANG_CXX_LANGUAGE_STANDARD = "gnu++0x";
				CLANG_CXX_LIBRARY = "libc++";
				CLANG_ENABLE_MODULES = YES;
				CLANG_ENABLE_OBJC_ARC = YES;
				CLANG_WARN_BOOL_CONVERSION = YES;
				CLANG_WARN_CONSTANT_CONVERSION = YES;
				CLANG_WARN_DIRECT_OBJC_ISA_USAGE = YES_ERROR;
				CLANG_WARN_DOCUMENTATION_COMMENTS = YES;
				CLANG_WARN_EMPTY_BODY = YES;
				CLANG_WARN_ENUM_CONVERSION = YES;
				CLANG_WARN_INFINITE_RECURSION = YES;
				CLANG_WARN_INT_CONVERSION = YES;
				CLANG_WARN_OBJC_ROOT_CLASS = YES_ERROR;
				CLANG_WARN_SUSPICIOUS_MOVE = YES;
				CLANG_WARN_UNREACHABLE_CODE = YES;
				CLANG_WARN__DUPLICATE_METHOD_MATCH = YES;
				CODE_SIGN_IDENTITY = "-";
				COPY_PHASE_STRIP = NO;
				DEBUG_INFORMATION_FORMAT = dwarf;
				ENABLE_STRICT_OBJC_MSGSEND = YES;
				ENABLE_TESTABILITY = YES;
				GCC_C_LANGUAGE_STANDARD = gnu99;
				GCC_DYNAMIC_NO_PIC = NO;
				GCC_NO_COMMON_BLOCKS = YES;
				GCC_OPTIMIZATION_LEVEL = 0;
				GCC_PREPROCESSOR_DEFINITIONS = (
					"DEBUG=1",
					"$(inherited)",
				);
				GCC_WARN_64_TO_32_BIT_CONVERSION = YES;
				GCC_WARN_ABOUT_RETURN_TYPE = YES_ERROR;
				GCC_WARN_UNDECLARED_SELECTOR = YES;
				GCC_WARN_UNINITIALIZED_AUTOS = YES_AGGRESSIVE;
				GCC_WARN_UNUSED_FUNCTION = YES;
				GCC_WARN_UNUSED_VARIABLE = YES;
				MACOSX_DEPLOYMENT_TARGET = 10.12;
				MTL_ENABLE_DEBUG_INFO = YES;
				ONLY_ACTIVE_ARCH = YES;
				SDKROOT = macosx;
			};
			name = Debug;
		};
		F931D6861F46F4FA009F2148 /* Release */ = {
			isa = XCBuildConfiguration;
			buildSettings = {
				ALWAYS_SEARCH_USER_PATHS = NO;
				CLANG_ANALYZER_NONNULL = YES;
				CLANG_ANALYZER_NUMBER_OBJECT_CONVERSION = YES_AGGRESSIVE;
				CLANG_CXX_LANGUAGE_STANDARD = "gnu++0x";
				CLANG_CXX_LIBRARY = "libc++";
				CLANG_ENABLE_MODULES = YES;
				CLANG_ENABLE_OBJC_ARC = YES;
				CLANG_WARN_BOOL_CONVERSION = YES;
				CLANG_WARN_CONSTANT_CONVERSION = YES;
				CLANG_WARN_DIRECT_OBJC_ISA_USAGE = YES_ERROR;
				CLANG_WARN_DOCUMENTATION_COMMENTS = YES;
				CLANG_WARN_EMPTY_BODY = YES;
				CLANG_WARN_ENUM_CONVERSION = YES;
				CLANG_WARN_INFINITE_RECURSION = YES;
				CLANG_WARN_INT_CONVERSION = YES;
				CLANG_WARN_OBJC_ROOT_CLASS = YES_ERROR;
				CLANG_WARN_SUSPICIOUS_MOVE = YES;
				CLANG_WARN_UNREACHABLE_CODE = YES;
				CLANG_WARN__DUPLICATE_METHOD_MATCH = YES;
				CODE_SIGN_IDENTITY = "-";
				COPY_PHASE_STRIP = NO;
				DEBUG_INFORMATION_FORMAT = "dwarf-with-dsym";
				ENABLE_NS_ASSERTIONS = NO;
				ENABLE_STRICT_OBJC_MSGSEND = YES;
				GCC_C_LANGUAGE_STANDARD = gnu99;
				GCC_NO_COMMON_BLOCKS = YES;
				GCC_WARN_64_TO_32_BIT_CONVERSION = YES;
				GCC_WARN_ABOUT_RETURN_TYPE = YES_ERROR;
				GCC_WARN_UNDECLARED_SELECTOR = YES;
				GCC_WARN_UNINITIALIZED_AUTOS = YES_AGGRESSIVE;
				GCC_WARN_UNUSED_FUNCTION = YES;
				GCC_WARN_UNUSED_VARIABLE = YES;
				MACOSX_DEPLOYMENT_TARGET = 10.12;
				MTL_ENABLE_DEBUG_INFO = NO;
				SDKROOT = macosx;
			};
			name = Release;
		};
		F931D6881F46F4FA009F2148 /* Debug */ = {
			isa = XCBuildConfiguration;
			buildSettings = {
				PRODUCT_NAME = "$(TARGET_NAME)";
			};
			name = Debug;
		};
		F931D6891F46F4FA009F2148 /* Release */ = {
			isa = XCBuildConfiguration;
			buildSettings = {
				PRODUCT_NAME = "$(TARGET_NAME)";
			};
			name = Release;
		};
/* End XCBuildConfiguration section */

/* Begin XCConfigurationList section */
		F931D67B1F46F4FA009F2148 /* Build configuration list for PBXProject "FractalCreator" */ = {
			isa = XCConfigurationList;
			buildConfigurations = (
				F931D6851F46F4FA009F2148 /* Debug */,
				F931D6861F46F4FA009F2148 /* Release */,
			);
			defaultConfigurationIsVisible = 0;
			defaultConfigurationName = Release;
		};
		F931D6871F46F4FA009F2148 /* Build configuration list for PBXNativeTarget "FractalCreator" */ = {
			isa = XCConfigurationList;
			buildConfigurations = (
				F931D6881F46F4FA009F2148 /* Debug */,
				F931D6891F46F4FA009F2148 /* Release */,
			);
			defaultConfigurationIsVisible = 0;
			defaultConfigurationName = Release;
		};
/* End XCConfigurationList section */
	};
	rootObject = F931D6781F46F4FA009F2148 /* Project object */;
}
